
Microsoft Visual Studio Solution File, Format Version 12.00
# Visual Studio Version 17
VisualStudioVersion = 17.0.31606.5
MinimumVisualStudioVersion = 10.0.40219.1
Project("{FAE04EC0-301F-11D3-BF4B-00C04F79EFBC}") = "Bookcase.Api", "Bookcase.Api.csproj", "{3DF4EBA3-5D3E-4A5B-B691-ABDD829C106A}"
EndProject
Global
	GlobalSection(SolutionConfigurationPlatforms) = preSolution
		Debug|Any CPU = Debug|Any CPU
		Release|Any CPU = Release|Any CPU
	EndGlobalSection
	GlobalSection(ProjectConfigurationPlatforms) = postSolution
		{3DF4EBA3-5D3E-4A5B-B691-ABDD829C106A}.Debug|Any CPU.ActiveCfg = Debug|Any CPU
		{3DF4EBA3-5D3E-4A5B-B691-ABDD829C106A}.Debug|Any CPU.Build.0 = Debug|Any CPU
		{3DF4EBA3-5D3E-4A5B-B691-ABDD829C106A}.Release|Any CPU.ActiveCfg = Release|Any CPU
		{3DF4EBA3-5D3E-4A5B-B691-ABDD829C106A}.Release|Any CPU.Build.0 = Release|Any CPU
	EndGlobalSection
	GlobalSection(SolutionProperties) = preSolution
		HideSolutionNode = FALSE
	EndGlobalSection
	GlobalSection(ExtensibilityGlobals) = postSolution
		SolutionGuid = {CE6E3A11-C74C-4D99-B2C1-C6C3DF03ACC7}
	EndGlobalSection
EndGlobal
